
Microsoft Visual Studio Solution File, Format Version 12.00
# Visual Studio Version 17
VisualStudioVersion = 17.1.32421.90
MinimumVisualStudioVersion = 10.0.40219.1
Project("{FAE04EC0-301F-11D3-BF4B-00C04F79EFBC}") = "TicTacToeProject", "TicTacToeProject\TicTacToeProject.csproj", "{BDFBE729-5CB6-4CDC-8B6E-84B41706E874}"
EndProject
Global
	GlobalSection(SolutionConfigurationPlatforms) = preSolution
		Debug|Any CPU = Debug|Any CPU
		Release|Any CPU = Release|Any CPU
	EndGlobalSection
	GlobalSection(ProjectConfigurationPlatforms) = postSolution
		{BDFBE729-5CB6-4CDC-8B6E-84B41706E874}.Debug|Any CPU.ActiveCfg = Debug|Any CPU
		{BDFBE729-5CB6-4CDC-8B6E-84B41706E874}.Debug|Any CPU.Build.0 = Debug|Any CPU
		{BDFBE729-5CB6-4CDC-8B6E-84B41706E874}.Release|Any CPU.ActiveCfg = Release|Any CPU
		{BDFBE729-5CB6-4CDC-8B6E-84B41706E874}.Release|Any CPU.Build.0 = Release|Any CPU
	EndGlobalSection
	GlobalSection(SolutionProperties) = preSolution
		HideSolutionNode = FALSE
	EndGlobalSection
	GlobalSection(ExtensibilityGlobals) = postSolution
		SolutionGuid = {CCE132EE-D7C7-4824-8435-51D9C605224C}
	EndGlobalSection
EndGlobal
